
Microsoft Visual Studio Solution File, Format Version 12.00
# Visual Studio Version 17
VisualStudioVersion = 17.7.34024.191
MinimumVisualStudioVersion = 10.0.40219.1
Project("{9A19103F-16F7-4668-BE54-9A1E7A4F7556}") = "Neoris.Cliente", "Neoris.Cliente\Neoris.Cliente.csproj", "{38FF1770-2F29-4FAC-A63C-E2C3F4EA968B}"
EndProject
Project("{9A19103F-16F7-4668-BE54-9A1E7A4F7556}") = "Neoris.Ahorros", "Neoris.Ahorros\Neoris.Ahorros.csproj", "{F346648B-9C88-425F-9007-A5F30D1A28E1}"
EndProject
Project("{FAE04EC0-301F-11D3-BF4B-00C04F79EFBC}") = "TestCreacionClientes", "TestCreacionClientes\TestCreacionClientes.csproj", "{89147DBF-52FB-4673-8B96-D742786D8A4B}"
EndProject
Global
	GlobalSection(SolutionConfigurationPlatforms) = preSolution
		Debug|Any CPU = Debug|Any CPU
		Release|Any CPU = Release|Any CPU
	EndGlobalSection
	GlobalSection(ProjectConfigurationPlatforms) = postSolution
		{38FF1770-2F29-4FAC-A63C-E2C3F4EA968B}.Debug|Any CPU.ActiveCfg = Debug|Any CPU
		{38FF1770-2F29-4FAC-A63C-E2C3F4EA968B}.Debug|Any CPU.Build.0 = Debug|Any CPU
		{38FF1770-2F29-4FAC-A63C-E2C3F4EA968B}.Release|Any CPU.ActiveCfg = Release|Any CPU
		{38FF1770-2F29-4FAC-A63C-E2C3F4EA968B}.Release|Any CPU.Build.0 = Release|Any CPU
		{F346648B-9C88-425F-9007-A5F30D1A28E1}.Debug|Any CPU.ActiveCfg = Debug|Any CPU
		{F346648B-9C88-425F-9007-A5F30D1A28E1}.Debug|Any CPU.Build.0 = Debug|Any CPU
		{F346648B-9C88-425F-9007-A5F30D1A28E1}.Release|Any CPU.ActiveCfg = Release|Any CPU
		{F346648B-9C88-425F-9007-A5F30D1A28E1}.Release|Any CPU.Build.0 = Release|Any CPU
		{89147DBF-52FB-4673-8B96-D742786D8A4B}.Debug|Any CPU.ActiveCfg = Debug|Any CPU
		{89147DBF-52FB-4673-8B96-D742786D8A4B}.Debug|Any CPU.Build.0 = Debug|Any CPU
		{89147DBF-52FB-4673-8B96-D742786D8A4B}.Release|Any CPU.ActiveCfg = Release|Any CPU
		{89147DBF-52FB-4673-8B96-D742786D8A4B}.Release|Any CPU.Build.0 = Release|Any CPU
	EndGlobalSection
	GlobalSection(SolutionProperties) = preSolution
		HideSolutionNode = FALSE
	EndGlobalSection
	GlobalSection(ExtensibilityGlobals) = postSolution
		SolutionGuid = {0BB53FF9-91CA-417D-9C54-143B0922DE25}
	EndGlobalSection
EndGlobal
